
Microsoft Visual Studio Solution File, Format Version 12.00
# Visual Studio Version 17
VisualStudioVersion = 17.2.32210.308
MinimumVisualStudioVersion = 10.0.40219.1
Project("{9A19103F-16F7-4668-BE54-9A1E7A4F7556}") = "Tools.Client", "src\Tools.Client.csproj", "{EBDC7300-8C19-41C1-80C5-41A3590FB8D0}"
EndProject
Global
	GlobalSection(SolutionConfigurationPlatforms) = preSolution
		Debug|Any CPU = Debug|Any CPU
		Release|Any CPU = Release|Any CPU
	EndGlobalSection
	GlobalSection(ProjectConfigurationPlatforms) = postSolution
		{EBDC7300-8C19-41C1-80C5-41A3590FB8D0}.Debug|Any CPU.ActiveCfg = Debug|Any CPU
		{EBDC7300-8C19-41C1-80C5-41A3590FB8D0}.Debug|Any CPU.Build.0 = Debug|Any CPU
		{EBDC7300-8C19-41C1-80C5-41A3590FB8D0}.Release|Any CPU.ActiveCfg = Release|Any CPU
		{EBDC7300-8C19-41C1-80C5-41A3590FB8D0}.Release|Any CPU.Build.0 = Release|Any CPU
	EndGlobalSection
	GlobalSection(SolutionProperties) = preSolution
		HideSolutionNode = FALSE
	EndGlobalSection
	GlobalSection(ExtensibilityGlobals) = postSolution
		SolutionGuid = {8D1F3EF8-9355-4841-AC93-785A31FF2168}
	EndGlobalSection
EndGlobal
